// !$*UTF8*$!
{
	archiveVersion = 1;
	classes = {
	};
	objectVersion = 55;
	objects = {

/* Begin PBXBuildFile section */
		0225D73B581E7D28865A6AFC /* Pods_FineWeather.framework in Frameworks */ = {isa = PBXBuildFile; fileRef = 60083421A9AE12EAF7F583BB /* Pods_FineWeather.framework */; };
		66524D7D295485B700263F00 /* CustomTempStackView.swift in Sources */ = {isa = PBXBuildFile; fileRef = 66524D7C295485B700263F00 /* CustomTempStackView.swift */; };
		6657B50B29559157007D9E71 /* EX - MainVC_TitleView.swift in Sources */ = {isa = PBXBuildFile; fileRef = 6657B50A29559157007D9E71 /* EX - MainVC_TitleView.swift */; };
		6657B50D2955D0B1007D9E71 /* CustomDayStackView.swift in Sources */ = {isa = PBXBuildFile; fileRef = 6657B50C2955D0B1007D9E71 /* CustomDayStackView.swift */; };
		6677E510294A10E60045D348 /* AppDelegate.swift in Sources */ = {isa = PBXBuildFile; fileRef = 6677E50F294A10E60045D348 /* AppDelegate.swift */; };
		6677E512294A10E60045D348 /* SceneDelegate.swift in Sources */ = {isa = PBXBuildFile; fileRef = 6677E511294A10E60045D348 /* SceneDelegate.swift */; };
		6677E519294A10E70045D348 /* Assets.xcassets in Resources */ = {isa = PBXBuildFile; fileRef = 6677E518294A10E70045D348 /* Assets.xcassets */; };
		6677E51C294A10E70045D348 /* LaunchScreen.storyboard in Resources */ = {isa = PBXBuildFile; fileRef = 6677E51A294A10E70045D348 /* LaunchScreen.storyboard */; };
		667D502F2950A185002453AA /* PlusViewController.swift in Sources */ = {isa = PBXBuildFile; fileRef = 667D502E2950A185002453AA /* PlusViewController.swift */; };
		667D50312950A3C3002453AA /* SideMenuNavigation.swift in Sources */ = {isa = PBXBuildFile; fileRef = 667D50302950A3C3002453AA /* SideMenuNavigation.swift */; };
		667D50332950A42D002453AA /* SideMenuViewController.swift in Sources */ = {isa = PBXBuildFile; fileRef = 667D50322950A42D002453AA /* SideMenuViewController.swift */; };
		668256E0294B544A007D5F27 /* MainViewController.swift in Sources */ = {isa = PBXBuildFile; fileRef = 668256DF294B544A007D5F27 /* MainViewController.swift */; };
		668296D9298F978600054499 /* UIView+PreView.swift in Sources */ = {isa = PBXBuildFile; fileRef = 668296D8298F978600054499 /* UIView+PreView.swift */; };
		66AB08F3298E47D1007AE290 /* FineDustDatas.swift in Sources */ = {isa = PBXBuildFile; fileRef = 66AB08F2298E47D1007AE290 /* FineDustDatas.swift */; };
		66AB08F5298E90DD007AE290 /* CustomView.swift in Sources */ = {isa = PBXBuildFile; fileRef = 66AB08F4298E90DD007AE290 /* CustomView.swift */; };
		66BDF1D7296803AE00E1CD21 /* DateValue.swift in Sources */ = {isa = PBXBuildFile; fileRef = 66BDF1D6296803AE00E1CD21 /* DateValue.swift */; };
		66BDF1D9296C012A00E1CD21 /* EX - MainVC_CLLocationManagerDelegate.swift in Sources */ = {isa = PBXBuildFile; fileRef = 66BDF1D8296C012A00E1CD21 /* EX - MainVC_CLLocationManagerDelegate.swift */; };
		66BDF1DD29767F1000E1CD21 /* EX - MainVC_DayWeatherView.swift in Sources */ = {isa = PBXBuildFile; fileRef = 66BDF1DC29767F1000E1CD21 /* EX - MainVC_DayWeatherView.swift */; };
		66CADB2B2987F133000A29A5 /* EX - MainVC_GADBannerViewDelegate.swift in Sources */ = {isa = PBXBuildFile; fileRef = 66CADB2A2987F133000A29A5 /* EX - MainVC_GADBannerViewDelegate.swift */; };
		66CADB39298A89EF000A29A5 /* FineDustResponse.swift in Sources */ = {isa = PBXBuildFile; fileRef = 66CADB38298A89EF000A29A5 /* FineDustResponse.swift */; };
		66CADB3B298A8EEB000A29A5 /* EX - MainVC_FineDustView.swift in Sources */ = {isa = PBXBuildFile; fileRef = 66CADB3A298A8EEB000A29A5 /* EX - MainVC_FineDustView.swift */; };
		66CADB3F298BDB5C000A29A5 /* UserLocation.swift in Sources */ = {isa = PBXBuildFile; fileRef = 66CADB3E298BDB5C000A29A5 /* UserLocation.swift */; };
		66CC510E295ABDBE00C47EEC /* WeatherResponse.swift in Sources */ = {isa = PBXBuildFile; fileRef = 66CC510D295ABDBE00C47EEC /* WeatherResponse.swift */; };
/* End PBXBuildFile section */

/* Begin PBXFileReference section */
		430820F355C38261D98FA865 /* Pods-FineWeather.release.xcconfig */ = {isa = PBXFileReference; includeInIndex = 1; lastKnownFileType = text.xcconfig; name = "Pods-FineWeather.release.xcconfig"; path = "Target Support Files/Pods-FineWeather/Pods-FineWeather.release.xcconfig"; sourceTree = "<group>"; };
		60083421A9AE12EAF7F583BB /* Pods_FineWeather.framework */ = {isa = PBXFileReference; explicitFileType = wrapper.framework; includeInIndex = 0; path = Pods_FineWeather.framework; sourceTree = BUILT_PRODUCTS_DIR; };
		66524D7C295485B700263F00 /* CustomTempStackView.swift */ = {isa = PBXFileReference; lastKnownFileType = sourcecode.swift; path = CustomTempStackView.swift; sourceTree = "<group>"; };
		6657B50A29559157007D9E71 /* EX - MainVC_TitleView.swift */ = {isa = PBXFileReference; lastKnownFileType = sourcecode.swift; path = "EX - MainVC_TitleView.swift"; sourceTree = "<group>"; };
		6657B50C2955D0B1007D9E71 /* CustomDayStackView.swift */ = {isa = PBXFileReference; lastKnownFileType = sourcecode.swift; path = CustomDayStackView.swift; sourceTree = "<group>"; };
		6677E50C294A10E60045D348 /* FineWeather.app */ = {isa = PBXFileReference; explicitFileType = wrapper.application; includeInIndex = 0; path = FineWeather.app; sourceTree = BUILT_PRODUCTS_DIR; };
		6677E50F294A10E60045D348 /* AppDelegate.swift */ = {isa = PBXFileReference; lastKnownFileType = sourcecode.swift; path = AppDelegate.swift; sourceTree = "<group>"; };
		6677E511294A10E60045D348 /* SceneDelegate.swift */ = {isa = PBXFileReference; lastKnownFileType = sourcecode.swift; path = SceneDelegate.swift; sourceTree = "<group>"; };
		6677E518294A10E70045D348 /* Assets.xcassets */ = {isa = PBXFileReference; lastKnownFileType = folder.assetcatalog; path = Assets.xcassets; sourceTree = "<group>"; };
		6677E51B294A10E70045D348 /* Base */ = {isa = PBXFileReference; lastKnownFileType = file.storyboard; name = Base; path = Base.lproj/LaunchScreen.storyboard; sourceTree = "<group>"; };
		6677E51D294A10E70045D348 /* Info.plist */ = {isa = PBXFileReference; lastKnownFileType = text.plist.xml; path = Info.plist; sourceTree = "<group>"; };
		667D502E2950A185002453AA /* PlusViewController.swift */ = {isa = PBXFileReference; lastKnownFileType = sourcecode.swift; path = PlusViewController.swift; sourceTree = "<group>"; };
		667D50302950A3C3002453AA /* SideMenuNavigation.swift */ = {isa = PBXFileReference; lastKnownFileType = sourcecode.swift; path = SideMenuNavigation.swift; sourceTree = "<group>"; };
		667D50322950A42D002453AA /* SideMenuViewController.swift */ = {isa = PBXFileReference; lastKnownFileType = sourcecode.swift; path = SideMenuViewController.swift; sourceTree = "<group>"; };
		668256DF294B544A007D5F27 /* MainViewController.swift */ = {isa = PBXFileReference; lastKnownFileType = sourcecode.swift; path = MainViewController.swift; sourceTree = "<group>"; };
		668296D8298F978600054499 /* UIView+PreView.swift */ = {isa = PBXFileReference; lastKnownFileType = sourcecode.swift; path = "UIView+PreView.swift"; sourceTree = "<group>"; };
		66AB08F2298E47D1007AE290 /* FineDustDatas.swift */ = {isa = PBXFileReference; lastKnownFileType = sourcecode.swift; path = FineDustDatas.swift; sourceTree = "<group>"; };
		66AB08F4298E90DD007AE290 /* CustomView.swift */ = {isa = PBXFileReference; lastKnownFileType = sourcecode.swift; path = CustomView.swift; sourceTree = "<group>"; };
		66BDF1D6296803AE00E1CD21 /* DateValue.swift */ = {isa = PBXFileReference; lastKnownFileType = sourcecode.swift; path = DateValue.swift; sourceTree = "<group>"; };
		66BDF1D8296C012A00E1CD21 /* EX - MainVC_CLLocationManagerDelegate.swift */ = {isa = PBXFileReference; lastKnownFileType = sourcecode.swift; path = "EX - MainVC_CLLocationManagerDelegate.swift"; sourceTree = "<group>"; };
		66BDF1DC29767F1000E1CD21 /* EX - MainVC_DayWeatherView.swift */ = {isa = PBXFileReference; lastKnownFileType = sourcecode.swift; path = "EX - MainVC_DayWeatherView.swift"; sourceTree = "<group>"; };
		66CADB2A2987F133000A29A5 /* EX - MainVC_GADBannerViewDelegate.swift */ = {isa = PBXFileReference; lastKnownFileType = sourcecode.swift; path = "EX - MainVC_GADBannerViewDelegate.swift"; sourceTree = "<group>"; };
		66CADB38298A89EF000A29A5 /* FineDustResponse.swift */ = {isa = PBXFileReference; lastKnownFileType = sourcecode.swift; path = FineDustResponse.swift; sourceTree = "<group>"; };
		66CADB3A298A8EEB000A29A5 /* EX - MainVC_FineDustView.swift */ = {isa = PBXFileReference; lastKnownFileType = sourcecode.swift; path = "EX - MainVC_FineDustView.swift"; sourceTree = "<group>"; };
		66CADB3E298BDB5C000A29A5 /* UserLocation.swift */ = {isa = PBXFileReference; lastKnownFileType = sourcecode.swift; path = UserLocation.swift; sourceTree = "<group>"; };
		66CC510D295ABDBE00C47EEC /* WeatherResponse.swift */ = {isa = PBXFileReference; lastKnownFileType = sourcecode.swift; path = WeatherResponse.swift; sourceTree = "<group>"; };
		E6B5F661445DEE313A0EF482 /* Pods-FineWeather.debug.xcconfig */ = {isa = PBXFileReference; includeInIndex = 1; lastKnownFileType = text.xcconfig; name = "Pods-FineWeather.debug.xcconfig"; path = "Target Support Files/Pods-FineWeather/Pods-FineWeather.debug.xcconfig"; sourceTree = "<group>"; };
/* End PBXFileReference section */

/* Begin PBXFrameworksBuildPhase section */
		6677E509294A10E60045D348 /* Frameworks */ = {
			isa = PBXFrameworksBuildPhase;
			buildActionMask = 2147483647;
			files = (
				0225D73B581E7D28865A6AFC /* Pods_FineWeather.framework in Frameworks */,
			);
			runOnlyForDeploymentPostprocessing = 0;
		};
/* End PBXFrameworksBuildPhase section */

/* Begin PBXGroup section */
		66524D7E295485F300263F00 /* CustomComponets */ = {
			isa = PBXGroup;
			children = (
				66524D7C295485B700263F00 /* CustomTempStackView.swift */,
				6657B50C2955D0B1007D9E71 /* CustomDayStackView.swift */,
			);
			path = CustomComponets;
			sourceTree = "<group>";
		};
		6657B50929559145007D9E71 /* Extention */ = {
			isa = PBXGroup;
			children = (
				66BDF1D8296C012A00E1CD21 /* EX - MainVC_CLLocationManagerDelegate.swift */,
				6657B50A29559157007D9E71 /* EX - MainVC_TitleView.swift */,
				66BDF1DC29767F1000E1CD21 /* EX - MainVC_DayWeatherView.swift */,
				66CADB2A2987F133000A29A5 /* EX - MainVC_GADBannerViewDelegate.swift */,
				66CADB3A298A8EEB000A29A5 /* EX - MainVC_FineDustView.swift */,
				668296D8298F978600054499 /* UIView+PreView.swift */,
			);
			path = Extention;
			sourceTree = "<group>";
		};
		6677E503294A10E60045D348 = {
			isa = PBXGroup;
			children = (
				6677E50E294A10E60045D348 /* FineWeather */,
				6677E50D294A10E60045D348 /* Products */,
				F5B128A1774BC0ADEEA5B5D9 /* Pods */,
				7946217D6117E0AF5822CB78 /* Frameworks */,
			);
			sourceTree = "<group>";
		};
		6677E50D294A10E60045D348 /* Products */ = {
			isa = PBXGroup;
			children = (
				6677E50C294A10E60045D348 /* FineWeather.app */,
			);
			name = Products;
			sourceTree = "<group>";
		};
		6677E50E294A10E60045D348 /* FineWeather */ = {
			isa = PBXGroup;
			children = (
				66CC510A295ABC6700C47EEC /* Entity */,
				6657B50929559145007D9E71 /* Extention */,
				66524D7E295485F300263F00 /* CustomComponets */,
				6677E50F294A10E60045D348 /* AppDelegate.swift */,
				6677E511294A10E60045D348 /* SceneDelegate.swift */,
				668256DF294B544A007D5F27 /* MainViewController.swift */,
				667D50302950A3C3002453AA /* SideMenuNavigation.swift */,
				667D50322950A42D002453AA /* SideMenuViewController.swift */,
				667D502E2950A185002453AA /* PlusViewController.swift */,
				6677E518294A10E70045D348 /* Assets.xcassets */,
				6677E51A294A10E70045D348 /* LaunchScreen.storyboard */,
				6677E51D294A10E70045D348 /* Info.plist */,
			);
			path = FineWeather;
			sourceTree = "<group>";
		};
		66CC510A295ABC6700C47EEC /* Entity */ = {
			isa = PBXGroup;
			children = (
				66CC510D295ABDBE00C47EEC /* WeatherResponse.swift */,
				66CADB38298A89EF000A29A5 /* FineDustResponse.swift */,
				66BDF1D6296803AE00E1CD21 /* DateValue.swift */,
				66CADB3E298BDB5C000A29A5 /* UserLocation.swift */,
				66AB08F2298E47D1007AE290 /* FineDustDatas.swift */,
				66AB08F4298E90DD007AE290 /* CustomView.swift */,
			);
			path = Entity;
			sourceTree = "<group>";
		};
		7946217D6117E0AF5822CB78 /* Frameworks */ = {
			isa = PBXGroup;
			children = (
				60083421A9AE12EAF7F583BB /* Pods_FineWeather.framework */,
			);
			name = Frameworks;
			sourceTree = "<group>";
		};
		F5B128A1774BC0ADEEA5B5D9 /* Pods */ = {
			isa = PBXGroup;
			children = (
				E6B5F661445DEE313A0EF482 /* Pods-FineWeather.debug.xcconfig */,
				430820F355C38261D98FA865 /* Pods-FineWeather.release.xcconfig */,
			);
			path = Pods;
			sourceTree = "<group>";
		};
/* End PBXGroup section */

/* Begin PBXNativeTarget section */
		6677E50B294A10E60045D348 /* FineWeather */ = {
			isa = PBXNativeTarget;
			buildConfigurationList = 6677E520294A10E70045D348 /* Build configuration list for PBXNativeTarget "FineWeather" */;
			buildPhases = (
				A9E63BF1E362AED41CFF0A38 /* [CP] Check Pods Manifest.lock */,
				6677E508294A10E60045D348 /* Sources */,
				6677E509294A10E60045D348 /* Frameworks */,
				6677E50A294A10E60045D348 /* Resources */,
				9AF94666783E938CC60099A6 /* [CP] Embed Pods Frameworks */,
			);
			buildRules = (
			);
			dependencies = (
			);
			name = FineWeather;
			productName = FineWeather;
			productReference = 6677E50C294A10E60045D348 /* FineWeather.app */;
			productType = "com.apple.product-type.application";
		};
/* End PBXNativeTarget section */

/* Begin PBXProject section */
		6677E504294A10E60045D348 /* Project object */ = {
			isa = PBXProject;
			attributes = {
				BuildIndependentTargetsInParallel = 1;
				LastSwiftUpdateCheck = 1410;
				LastUpgradeCheck = 1410;
				TargetAttributes = {
					6677E50B294A10E60045D348 = {
						CreatedOnToolsVersion = 14.1;
					};
				};
			};
			buildConfigurationList = 6677E507294A10E60045D348 /* Build configuration list for PBXProject "FineWeather" */;
			compatibilityVersion = "Xcode 13.0";
			developmentRegion = en;
			hasScannedForEncodings = 0;
			knownRegions = (
				en,
				Base,
			);
			mainGroup = 6677E503294A10E60045D348;
			productRefGroup = 6677E50D294A10E60045D348 /* Products */;
			projectDirPath = "";
			projectRoot = "";
			targets = (
				6677E50B294A10E60045D348 /* FineWeather */,
			);
		};
/* End PBXProject section */

/* Begin PBXResourcesBuildPhase section */
		6677E50A294A10E60045D348 /* Resources */ = {
			isa = PBXResourcesBuildPhase;
			buildActionMask = 2147483647;
			files = (
				6677E51C294A10E70045D348 /* LaunchScreen.storyboard in Resources */,
				6677E519294A10E70045D348 /* Assets.xcassets in Resources */,
			);
			runOnlyForDeploymentPostprocessing = 0;
		};
/* End PBXResourcesBuildPhase section */

/* Begin PBXShellScriptBuildPhase section */
		9AF94666783E938CC60099A6 /* [CP] Embed Pods Frameworks */ = {
			isa = PBXShellScriptBuildPhase;
			buildActionMask = 2147483647;
			files = (
			);
			inputFileListPaths = (
				"${PODS_ROOT}/Target Support Files/Pods-FineWeather/Pods-FineWeather-frameworks-${CONFIGURATION}-input-files.xcfilelist",
			);
			name = "[CP] Embed Pods Frameworks";
			outputFileListPaths = (
				"${PODS_ROOT}/Target Support Files/Pods-FineWeather/Pods-FineWeather-frameworks-${CONFIGURATION}-output-files.xcfilelist",
			);
			runOnlyForDeploymentPostprocessing = 0;
			shellPath = /bin/sh;
			shellScript = "\"${PODS_ROOT}/Target Support Files/Pods-FineWeather/Pods-FineWeather-frameworks.sh\"\n";
			showEnvVarsInLog = 0;
		};
		A9E63BF1E362AED41CFF0A38 /* [CP] Check Pods Manifest.lock */ = {
			isa = PBXShellScriptBuildPhase;
			buildActionMask = 2147483647;
			files = (
			);
			inputFileListPaths = (
			);
			inputPaths = (
				"${PODS_PODFILE_DIR_PATH}/Podfile.lock",
				"${PODS_ROOT}/Manifest.lock",
			);
			name = "[CP] Check Pods Manifest.lock";
			outputFileListPaths = (
			);
			outputPaths = (
				"$(DERIVED_FILE_DIR)/Pods-FineWeather-checkManifestLockResult.txt",
			);
			runOnlyForDeploymentPostprocessing = 0;
			shellPath = /bin/sh;
			shellScript = "diff \"${PODS_PODFILE_DIR_PATH}/Podfile.lock\" \"${PODS_ROOT}/Manifest.lock\" > /dev/null\nif [ $? != 0 ] ; then\n    # print error to STDERR\n    echo \"error: The sandbox is not in sync with the Podfile.lock. Run 'pod install' or update your CocoaPods installation.\" >&2\n    exit 1\nfi\n# This output is used by Xcode 'outputs' to avoid re-running this script phase.\necho \"SUCCESS\" > \"${SCRIPT_OUTPUT_FILE_0}\"\n";
			showEnvVarsInLog = 0;
		};
/* End PBXShellScriptBuildPhase section */

/* Begin PBXSourcesBuildPhase section */
		6677E508294A10E60045D348 /* Sources */ = {
			isa = PBXSourcesBuildPhase;
			buildActionMask = 2147483647;
			files = (
				66BDF1D9296C012A00E1CD21 /* EX - MainVC_CLLocationManagerDelegate.swift in Sources */,
				6657B50D2955D0B1007D9E71 /* CustomDayStackView.swift in Sources */,
				6677E510294A10E60045D348 /* AppDelegate.swift in Sources */,
				66524D7D295485B700263F00 /* CustomTempStackView.swift in Sources */,
				667D50312950A3C3002453AA /* SideMenuNavigation.swift in Sources */,
				6677E512294A10E60045D348 /* SceneDelegate.swift in Sources */,
				66BDF1DD29767F1000E1CD21 /* EX - MainVC_DayWeatherView.swift in Sources */,
				66AB08F5298E90DD007AE290 /* CustomView.swift in Sources */,
				667D502F2950A185002453AA /* PlusViewController.swift in Sources */,
				667D50332950A42D002453AA /* SideMenuViewController.swift in Sources */,
				66CADB3F298BDB5C000A29A5 /* UserLocation.swift in Sources */,
				6657B50B29559157007D9E71 /* EX - MainVC_TitleView.swift in Sources */,
				66BDF1D7296803AE00E1CD21 /* DateValue.swift in Sources */,
				668296D9298F978600054499 /* UIView+PreView.swift in Sources */,
				66CC510E295ABDBE00C47EEC /* WeatherResponse.swift in Sources */,
				66CADB39298A89EF000A29A5 /* FineDustResponse.swift in Sources */,
				66CADB3B298A8EEB000A29A5 /* EX - MainVC_FineDustView.swift in Sources */,
				66CADB2B2987F133000A29A5 /* EX - MainVC_GADBannerViewDelegate.swift in Sources */,
				668256E0294B544A007D5F27 /* MainViewController.swift in Sources */,
				66AB08F3298E47D1007AE290 /* FineDustDatas.swift in Sources */,
			);
			runOnlyForDeploymentPostprocessing = 0;
		};
/* End PBXSourcesBuildPhase section */

/* Begin PBXVariantGroup section */
		6677E51A294A10E70045D348 /* LaunchScreen.storyboard */ = {
			isa = PBXVariantGroup;
			children = (
				6677E51B294A10E70045D348 /* Base */,
			);
			name = LaunchScreen.storyboard;
			sourceTree = "<group>";
		};
/* End PBXVariantGroup section */

/* Begin XCBuildConfiguration section */
		6677E51E294A10E70045D348 /* Debug */ = {
			isa = XCBuildConfiguration;
			buildSettings = {
				ALWAYS_SEARCH_USER_PATHS = NO;
				CLANG_ANALYZER_NONNULL = YES;
				CLANG_ANALYZER_NUMBER_OBJECT_CONVERSION = YES_AGGRESSIVE;
				CLANG_CXX_LANGUAGE_STANDARD = "gnu++20";
				CLANG_ENABLE_MODULES = YES;
				CLANG_ENABLE_OBJC_ARC = YES;
				CLANG_ENABLE_OBJC_WEAK = YES;
				CLANG_WARN_BLOCK_CAPTURE_AUTORELEASING = YES;
				CLANG_WARN_BOOL_CONVERSION = YES;
				CLANG_WARN_COMMA = YES;
				CLANG_WARN_CONSTANT_CONVERSION = YES;
				CLANG_WARN_DEPRECATED_OBJC_IMPLEMENTATIONS = YES;
				CLANG_WARN_DIRECT_OBJC_ISA_USAGE = YES_ERROR;
				CLANG_WARN_DOCUMENTATION_COMMENTS = YES;
				CLANG_WARN_EMPTY_BODY = YES;
				CLANG_WARN_ENUM_CONVERSION = YES;
				CLANG_WARN_INFINITE_RECURSION = YES;
				CLANG_WARN_INT_CONVERSION = YES;
				CLANG_WARN_NON_LITERAL_NULL_CONVERSION = YES;
				CLANG_WARN_OBJC_IMPLICIT_RETAIN_SELF = YES;
				CLANG_WARN_OBJC_LITERAL_CONVERSION = YES;
				CLANG_WARN_OBJC_ROOT_CLASS = YES_ERROR;
				CLANG_WARN_QUOTED_INCLUDE_IN_FRAMEWORK_HEADER = YES;
				CLANG_WARN_RANGE_LOOP_ANALYSIS = YES;
				CLANG_WARN_STRICT_PROTOTYPES = YES;
				CLANG_WARN_SUSPICIOUS_MOVE = YES;
				CLANG_WARN_UNGUARDED_AVAILABILITY = YES_AGGRESSIVE;
				CLANG_WARN_UNREACHABLE_CODE = YES;
				CLANG_WARN__DUPLICATE_METHOD_MATCH = YES;
				COPY_PHASE_STRIP = NO;
				DEBUG_INFORMATION_FORMAT = dwarf;
				ENABLE_STRICT_OBJC_MSGSEND = YES;
				ENABLE_TESTABILITY = YES;
				GCC_C_LANGUAGE_STANDARD = gnu11;
				GCC_DYNAMIC_NO_PIC = NO;
				GCC_NO_COMMON_BLOCKS = YES;
				GCC_OPTIMIZATION_LEVEL = 0;
				GCC_PREPROCESSOR_DEFINITIONS = (
					"DEBUG=1",
					"$(inherited)",
				);
				GCC_WARN_64_TO_32_BIT_CONVERSION = YES;
				GCC_WARN_ABOUT_RETURN_TYPE = YES_ERROR;
				GCC_WARN_UNDECLARED_SELECTOR = YES;
				GCC_WARN_UNINITIALIZED_AUTOS = YES_AGGRESSIVE;
				GCC_WARN_UNUSED_FUNCTION = YES;
				GCC_WARN_UNUSED_VARIABLE = YES;
				IPHONEOS_DEPLOYMENT_TARGET = 16.1;
				MTL_ENABLE_DEBUG_INFO = INCLUDE_SOURCE;
				MTL_FAST_MATH = YES;
				ONLY_ACTIVE_ARCH = YES;
				SDKROOT = iphoneos;
				SWIFT_ACTIVE_COMPILATION_CONDITIONS = DEBUG;
				SWIFT_OPTIMIZATION_LEVEL = "-Onone";
			};
			name = Debug;
		};
		6677E51F294A10E70045D348 /* Release */ = {
			isa = XCBuildConfiguration;
			buildSettings = {
				ALWAYS_SEARCH_USER_PATHS = NO;
				CLANG_ANALYZER_NONNULL = YES;
				CLANG_ANALYZER_NUMBER_OBJECT_CONVERSION = YES_AGGRESSIVE;
				CLANG_CXX_LANGUAGE_STANDARD = "gnu++20";
				CLANG_ENABLE_MODULES = YES;
				CLANG_ENABLE_OBJC_ARC = YES;
				CLANG_ENABLE_OBJC_WEAK = YES;
				CLANG_WARN_BLOCK_CAPTURE_AUTORELEASING = YES;
				CLANG_WARN_BOOL_CONVERSION = YES;
				CLANG_WARN_COMMA = YES;
				CLANG_WARN_CONSTANT_CONVERSION = YES;
				CLANG_WARN_DEPRECATED_OBJC_IMPLEMENTATIONS = YES;
				CLANG_WARN_DIRECT_OBJC_ISA_USAGE = YES_ERROR;
				CLANG_WARN_DOCUMENTATION_COMMENTS = YES;
				CLANG_WARN_EMPTY_BODY = YES;
				CLANG_WARN_ENUM_CONVERSION = YES;
				CLANG_WARN_INFINITE_RECURSION = YES;
				CLANG_WARN_INT_CONVERSION = YES;
				CLANG_WARN_NON_LITERAL_NULL_CONVERSION = YES;
				CLANG_WARN_OBJC_IMPLICIT_RETAIN_SELF = YES;
				CLANG_WARN_OBJC_LITERAL_CONVERSION = YES;
				CLANG_WARN_OBJC_ROOT_CLASS = YES_ERROR;
				CLANG_WARN_QUOTED_INCLUDE_IN_FRAMEWORK_HEADER = YES;
				CLANG_WARN_RANGE_LOOP_ANALYSIS = YES;
				CLANG_WARN_STRICT_PROTOTYPES = YES;
				CLANG_WARN_SUSPICIOUS_MOVE = YES;
				CLANG_WARN_UNGUARDED_AVAILABILITY = YES_AGGRESSIVE;
				CLANG_WARN_UNREACHABLE_CODE = YES;
				CLANG_WARN__DUPLICATE_METHOD_MATCH = YES;
				COPY_PHASE_STRIP = NO;
				DEBUG_INFORMATION_FORMAT = "dwarf-with-dsym";
				ENABLE_NS_ASSERTIONS = NO;
				ENABLE_STRICT_OBJC_MSGSEND = YES;
				GCC_C_LANGUAGE_STANDARD = gnu11;
				GCC_NO_COMMON_BLOCKS = YES;
				GCC_WARN_64_TO_32_BIT_CONVERSION = YES;
				GCC_WARN_ABOUT_RETURN_TYPE = YES_ERROR;
				GCC_WARN_UNDECLARED_SELECTOR = YES;
				GCC_WARN_UNINITIALIZED_AUTOS = YES_AGGRESSIVE;
				GCC_WARN_UNUSED_FUNCTION = YES;
				GCC_WARN_UNUSED_VARIABLE = YES;
				IPHONEOS_DEPLOYMENT_TARGET = 16.1;
				MTL_ENABLE_DEBUG_INFO = NO;
				MTL_FAST_MATH = YES;
				SDKROOT = iphoneos;
				SWIFT_COMPILATION_MODE = wholemodule;
				SWIFT_OPTIMIZATION_LEVEL = "-O";
				VALIDATE_PRODUCT = YES;
			};
			name = Release;
		};
		6677E521294A10E70045D348 /* Debug */ = {
			isa = XCBuildConfiguration;
			baseConfigurationReference = E6B5F661445DEE313A0EF482 /* Pods-FineWeather.debug.xcconfig */;
			buildSettings = {
				ASSETCATALOG_COMPILER_APPICON_NAME = AppIcon;
				ASSETCATALOG_COMPILER_GLOBAL_ACCENT_COLOR_NAME = AccentColor;
				CODE_SIGN_STYLE = Automatic;
				CURRENT_PROJECT_VERSION = 1;
				DEVELOPMENT_TEAM = VMAWA3XBC6;
				GENERATE_INFOPLIST_FILE = YES;
				INFOPLIST_FILE = FineWeather/Info.plist;
				INFOPLIST_KEY_UIApplicationSupportsIndirectInputEvents = YES;
				INFOPLIST_KEY_UILaunchStoryboardName = LaunchScreen;
				INFOPLIST_KEY_UIMainStoryboardFile = "";
				INFOPLIST_KEY_UISupportedInterfaceOrientations_iPad = "UIInterfaceOrientationPortrait UIInterfaceOrientationPortraitUpsideDown UIInterfaceOrientationLandscapeLeft UIInterfaceOrientationLandscapeRight";
				INFOPLIST_KEY_UISupportedInterfaceOrientations_iPhone = "UIInterfaceOrientationPortrait UIInterfaceOrientationLandscapeLeft UIInterfaceOrientationLandscapeRight";
				IPHONEOS_DEPLOYMENT_TARGET = 15.0;
				LD_RUNPATH_SEARCH_PATHS = (
					"$(inherited)",
					"@executable_path/Frameworks",
				);
				MARKETING_VERSION = 1.0;
				PRODUCT_BUNDLE_IDENTIFIER = com.geunho.FineWeather;
				PRODUCT_NAME = "$(TARGET_NAME)";
				SWIFT_EMIT_LOC_STRINGS = YES;
				SWIFT_VERSION = 5.0;
				TARGETED_DEVICE_FAMILY = "1,2";
			};
			name = Debug;
		};
		6677E522294A10E70045D348 /* Release */ = {
			isa = XCBuildConfiguration;
			baseConfigurationReference = 430820F355C38261D98FA865 /* Pods-FineWeather.release.xcconfig */;
			buildSettings = {
				ASSETCATALOG_COMPILER_APPICON_NAME = AppIcon;
				ASSETCATALOG_COMPILER_GLOBAL_ACCENT_COLOR_NAME = AccentColor;
				CODE_SIGN_STYLE = Automatic;
				CURRENT_PROJECT_VERSION = 1;
				DEVELOPMENT_TEAM = VMAWA3XBC6;
				GENERATE_INFOPLIST_FILE = YES;
				INFOPLIST_FILE = FineWeather/Info.plist;
				INFOPLIST_KEY_UIApplicationSupportsIndirectInputEvents = YES;
				INFOPLIST_KEY_UILaunchStoryboardName = LaunchScreen;
				INFOPLIST_KEY_UIMainStoryboardFile = "";
				INFOPLIST_KEY_UISupportedInterfaceOrientations_iPad = "UIInterfaceOrientationPortrait UIInterfaceOrientationPortraitUpsideDown UIInterfaceOrientationLandscapeLeft UIInterfaceOrientationLandscapeRight";
				INFOPLIST_KEY_UISupportedInterfaceOrientations_iPhone = "UIInterfaceOrientationPortrait UIInterfaceOrientationLandscapeLeft UIInterfaceOrientationLandscapeRight";
				IPHONEOS_DEPLOYMENT_TARGET = 15.0;
				LD_RUNPATH_SEARCH_PATHS = (
					"$(inherited)",
					"@executable_path/Frameworks",
				);
				MARKETING_VERSION = 1.0;
				PRODUCT_BUNDLE_IDENTIFIER = com.geunho.FineWeather;
				PRODUCT_NAME = "$(TARGET_NAME)";
				SWIFT_EMIT_LOC_STRINGS = YES;
				SWIFT_VERSION = 5.0;
				TARGETED_DEVICE_FAMILY = "1,2";
			};
			name = Release;
		};
/* End XCBuildConfiguration section */

/* Begin XCConfigurationList section */
		6677E507294A10E60045D348 /* Build configuration list for PBXProject "FineWeather" */ = {
			isa = XCConfigurationList;
			buildConfigurations = (
				6677E51E294A10E70045D348 /* Debug */,
				6677E51F294A10E70045D348 /* Release */,
			);
			defaultConfigurationIsVisible = 0;
			defaultConfigurationName = Release;
		};
		6677E520294A10E70045D348 /* Build configuration list for PBXNativeTarget "FineWeather" */ = {
			isa = XCConfigurationList;
			buildConfigurations = (
				6677E521294A10E70045D348 /* Debug */,
				6677E522294A10E70045D348 /* Release */,
			);
			defaultConfigurationIsVisible = 0;
			defaultConfigurationName = Release;
		};
/* End XCConfigurationList section */
	};
	rootObject = 6677E504294A10E60045D348 /* Project object */;
}
